# THIS IS AN AUTOGENERATED FILE. DO NOT EDIT THIS FILE DIRECTLY.
# yarn lockfile v1


"@types/node@^14.14.31":
  version "14.14.31"
  resolved "https://registry.npm.taobao.org/@types/node/download/@types/node-14.14.31.tgz?cache=0&sync_timestamp=1613759167739&other_urls=https%3A%2F%2Fregistry.npm.taobao.org%2F%40types%2Fnode%2Fdownload%2F%40types%2Fnode-14.14.31.tgz#72286bd33d137aa0d152d47ec7c1762563d34055"
  integrity sha1-cihr0z0TeqDRUtR+x8F2JWPTQFU=

array-source@0.0:
  version "0.0.4"
  resolved "https://registry.npm.taobao.org/array-source/download/array-source-0.0.4.tgz#a525df4a84b1376d27c677cd426a97c3882f8aca"
  integrity sha1-pSXfSoSxN20nxnfNQmqXw4gviso=

buffer-from@^1.0.0:
  version "1.1.1"
  resolved "https://registry.npm.taobao.org/buffer-from/download/buffer-from-1.1.1.tgz#32713bc028f75c02fdb710d7c7bcec1f2c6070ef"
  integrity sha1-MnE7wCj3XAL9txDXx7zsHyxgcO8=

commander@2:
  version "2.20.3"
  resolved "https://registry.npm.taobao.org/commander/download/commander-2.20.3.tgz?cache=0&sync_timestamp=1613374024216&other_urls=https%3A%2F%2Fregistry.npm.taobao.org%2Fcommander%2Fdownload%2Fcommander-2.20.3.tgz#fd485e84c03eb4881c20722ba48035e8531aeb33"
  integrity sha1-/UhehMA+tIgcIHIrpIA16FMa6zM=

concat-stream@^2.0.0:
  version "2.0.0"
  resolved "https://registry.npm.taobao.org/concat-stream/download/concat-stream-2.0.0.tgz#414cf5af790a48c60ab9be4527d56d5e41133cb1"
  integrity sha1-QUz1r3kKSMYKub5FJ9VtXkETPLE=
  dependencies:
    buffer-from "^1.0.0"
    inherits "^2.0.3"
    readable-stream "^3.0.2"
    typedarray "^0.0.6"

d3-array@^2.3.0:
  version "2.11.0"
  resolved "https://registry.npm.taobao.org/d3-array/download/d3-array-2.11.0.tgz?cache=0&sync_timestamp=1611532834605&other_urls=https%3A%2F%2Fregistry.npm.taobao.org%2Fd3-array%2Fdownload%2Fd3-array-2.11.0.tgz#5ed6a2869bc7d471aec8df9ff6ed9fef798facc4"
  integrity sha1-XtaihpvH1HGuyN+f9u2f73mPrMQ=
  dependencies:
    internmap "^1.0.0"

"d3-color@1 - 2":
  version "2.0.0"
  resolved "https://registry.npm.taobao.org/d3-color/download/d3-color-2.0.0.tgz#8d625cab42ed9b8f601a1760a389f7ea9189d62e"
  integrity sha1-jWJcq0Ltm49gGhdgo4n36pGJ1i4=

"d3-format@1 - 2":
  version "2.0.0"
  resolved "https://registry.npm.taobao.org/d3-format/download/d3-format-2.0.0.tgz#a10bcc0f986c372b729ba447382413aabf5b0767"
  integrity sha1-oQvMD5hsNytym6RHOCQTqr9bB2c=

"d3-interpolate@1.2.0 - 2":
  version "2.0.1"
  resolved "https://registry.npm.taobao.org/d3-interpolate/download/d3-interpolate-2.0.1.tgz?cache=0&sync_timestamp=1598195942457&other_urls=https%3A%2F%2Fregistry.npm.taobao.org%2Fd3-interpolate%2Fdownload%2Fd3-interpolate-2.0.1.tgz#98be499cfb8a3b94d4ff616900501a64abc91163"
  integrity sha1-mL5JnPuKO5TU/2FpAFAaZKvJEWM=
  dependencies:
    d3-color "1 - 2"

d3-scale@^3.2.3:
  version "3.2.3"
  resolved "https://registry.npm.taobao.org/d3-scale/download/d3-scale-3.2.3.tgz#be380f57f1f61d4ff2e6cbb65a40593a51649cfd"
  integrity sha1-vjgPV/H2HU/y5su2WkBZOlFknP0=
  dependencies:
    d3-array "^2.3.0"
    d3-format "1 - 2"
    d3-interpolate "1.2.0 - 2"
    d3-time "1 - 2"
    d3-time-format "2 - 3"

"d3-time-format@2 - 3":
  version "3.0.0"
  resolved "https://registry.npm.taobao.org/d3-time-format/download/d3-time-format-3.0.0.tgz#df8056c83659e01f20ac5da5fdeae7c08d5f1bb6"
  integrity sha1-34BWyDZZ4B8grF2l/ernwI1fG7Y=
  dependencies:
    d3-time "1 - 2"

"d3-time@1 - 2":
  version "2.0.0"
  resolved "https://registry.npm.taobao.org/d3-time/download/d3-time-2.0.0.tgz?cache=0&sync_timestamp=1597323733230&other_urls=https%3A%2F%2Fregistry.npm.taobao.org%2Fd3-time%2Fdownload%2Fd3-time-2.0.0.tgz#ad7c127d17c67bd57a4c61f3eaecb81108b1e0ab"
  integrity sha1-rXwSfRfGe9V6TGHz6uy4EQix4Ks=

file-source@0.6:
  version "0.6.1"
  resolved "https://registry.npm.taobao.org/file-source/download/file-source-0.6.1.tgz#ae189d4993766b865a77f83adcf9b9a504cd37dc"
  integrity sha1-rhidSZN2a4Zad/g63Pm5pQTNN9w=
  dependencies:
    stream-source "0.3"

geobuf@^3.0.2:
  version "3.0.2"
  resolved "https://registry.npm.taobao.org/geobuf/download/geobuf-3.0.2.tgz#9b4debb57ce72ca2bef027223f3098c4f3975cd3"
  integrity sha1-m03rtXznLKK+8CciPzCYxPOXXNM=
  dependencies:
    concat-stream "^2.0.0"
    pbf "^3.2.1"
    shapefile "~0.6.6"

ieee754@^1.1.12:
  version "1.2.1"
  resolved "https://registry.npm.taobao.org/ieee754/download/ieee754-1.2.1.tgz?cache=0&sync_timestamp=1603838235461&other_urls=https%3A%2F%2Fregistry.npm.taobao.org%2Fieee754%2Fdownload%2Fieee754-1.2.1.tgz#8eb7a10a63fff25d15a57b001586d177d1b0d352"
  integrity sha1-jrehCmP/8l0VpXsAFYbRd9Gw01I=

inherits@^2.0.3:
  version "2.0.4"
  resolved "https://registry.npm.taobao.org/inherits/download/inherits-2.0.4.tgz#0fa2c64f932917c3433a0ded55363aae37416b7c"
  integrity sha1-D6LGT5MpF8NDOg3tVTY6rjdBa3w=

internmap@^1.0.0:
  version "1.0.0"
  resolved "https://registry.npm.taobao.org/internmap/download/internmap-1.0.0.tgz#3c6bf0944b0eae457698000412108752bbfddb56"
  integrity sha1-PGvwlEsOrkV2mAAEEhCHUrv921Y=

lodash@^4.17.20:
  version "4.17.20"
  resolved "https://registry.npm.taobao.org/lodash/download/lodash-4.17.20.tgz#b44a9b6297bcb698f1c51a3545a2b3b368d59c52"
  integrity sha1-tEqbYpe8tpjxxRo1RaKzs2jVnFI=

path-source@0.1:
  version "0.1.3"
  resolved "https://registry.npm.taobao.org/path-source/download/path-source-0.1.3.tgz#03907c595480aa2596a15a901c44f745736e7a73"
  integrity sha1-A5B8WVSAqiWWoVqQHET3RXNuenM=
  dependencies:
    array-source "0.0"
    file-source "0.6"

pbf@^3.2.1:
  version "3.2.1"
  resolved "https://registry.npm.taobao.org/pbf/download/pbf-3.2.1.tgz#b4c1b9e72af966cd82c6531691115cc0409ffe2a"
  integrity sha1-tMG55yr5Zs2CxlMWkRFcwECf/io=
  dependencies:
    ieee754 "^1.1.12"
    resolve-protobuf-schema "^2.1.0"

protocol-buffers-schema@^3.3.1:
  version "3.5.1"
  resolved "https://registry.npm.taobao.org/protocol-buffers-schema/download/protocol-buffers-schema-3.5.1.tgz#8388e768d383ac8cbea23e1280dfadb79f4122ad"
  integrity sha1-g4jnaNODrIy+oj4SgN+tt59BIq0=

readable-stream@^3.0.2:
  version "3.6.0"
  resolved "https://registry.npm.taobao.org/readable-stream/download/readable-stream-3.6.0.tgz#337bbda3adc0706bd3e024426a286d4b4b2c9198"
  integrity sha1-M3u9o63AcGvT4CRCaihtS0sskZg=
  dependencies:
    inherits "^2.0.3"
    string_decoder "^1.1.1"
    util-deprecate "^1.0.1"

resolve-protobuf-schema@^2.1.0:
  version "2.1.0"
  resolved "https://registry.npm.taobao.org/resolve-protobuf-schema/download/resolve-protobuf-schema-2.1.0.tgz#9ca9a9e69cf192bbdaf1006ec1973948aa4a3758"
  integrity sha1-nKmp5pzxkrva8QBuwZc5SKpKN1g=
  dependencies:
    protocol-buffers-schema "^3.3.1"

safe-buffer@~5.2.0:
  version "5.2.1"
  resolved "https://registry.npm.taobao.org/safe-buffer/download/safe-buffer-5.2.1.tgz#1eaf9fa9bdb1fdd4ec75f58f9cdb4e6b7827eec6"
  integrity sha1-Hq+fqb2x/dTsdfWPnNtOa3gn7sY=

shapefile@~0.6.6:
  version "0.6.6"
  resolved "https://registry.npm.taobao.org/shapefile/download/shapefile-0.6.6.tgz#6fee152b9fb2b1c85f690285b692fb68c95a5f4f"
  integrity sha1-b+4VK5+yschfaQKFtpL7aMlaX08=
  dependencies:
    array-source "0.0"
    commander "2"
    path-source "0.1"
    slice-source "0.4"
    stream-source "0.3"
    text-encoding "^0.6.4"

slice-source@0.4:
  version "0.4.1"
  resolved "https://registry.npm.taobao.org/slice-source/download/slice-source-0.4.1.tgz#40a57ac03c6668b5da200e05378e000bf2a61d79"
  integrity sha1-QKV6wDxmaLXaIA4FN44AC/KmHXk=

stream-source@0.3:
  version "0.3.5"
  resolved "https://registry.npm.taobao.org/stream-source/download/stream-source-0.3.5.tgz#b97f52d0f8ea566db071db679b985403a31e0340"
  integrity sha1-uX9S0PjqVm2wcdtnm5hUA6MeA0A=

string_decoder@^1.1.1:
  version "1.3.0"
  resolved "https://registry.npm.taobao.org/string_decoder/download/string_decoder-1.3.0.tgz#42f114594a46cf1a8e30b0a84f56c78c3edac21e"
  integrity sha1-QvEUWUpGzxqOMLCoT1bHjD7awh4=
  dependencies:
    safe-buffer "~5.2.0"

suncalc@^1.8.0:
  version "1.8.0"
  resolved "https://registry.npm.taobao.org/suncalc/download/suncalc-1.8.0.tgz#1d9898109563078750f4994a959e654d876acbf5"
  integrity sha1-HZiYEJVjB4dQ9JlKlZ5lTYdqy/U=

text-encoding@^0.6.4:
  version "0.6.4"
  resolved "https://registry.npm.taobao.org/text-encoding/download/text-encoding-0.6.4.tgz#e399a982257a276dae428bb92845cb71bdc26d19"
  integrity sha1-45mpgiV6J22uQou5KEXLcb3CbRk=

typedarray@^0.0.6:
  version "0.0.6"
  resolved "https://registry.npm.taobao.org/typedarray/download/typedarray-0.0.6.tgz#867ac74e3864187b1d3d47d996a78ec5c8830777"
  integrity sha1-hnrHTjhkGHsdPUfZlqeOxciDB3c=

util-deprecate@^1.0.1:
  version "1.0.2"
  resolved "https://registry.npm.taobao.org/util-deprecate/download/util-deprecate-1.0.2.tgz#450d4dc9fa70de732762fbd2d4a28981419a0ccf"
  integrity sha1-RQ1Nyfpw3nMnYvvS1KKJgUGaDM8=
